
Microsoft Visual Studio Solution File, Format Version 12.00
# Visual Studio 2012
Project("{FAE04EC0-301F-11D3-BF4B-00C04F79EFBC}") = "Insanity", "Insanity\Insanity.csproj", "{4D896D4F-AC57-4AB8-A2D5-864F97D5A314}"
EndProject
Global
	GlobalSection(SolutionConfigurationPlatforms) = preSolution
		Debug|Any CPU = Debug|Any CPU
		Release|Any CPU = Release|Any CPU
	EndGlobalSection
	GlobalSection(ProjectConfigurationPlatforms) = postSolution
		{4D896D4F-AC57-4AB8-A2D5-864F97D5A314}.Debug|Any CPU.ActiveCfg = Debug|Any CPU
		{4D896D4F-AC57-4AB8-A2D5-864F97D5A314}.Debug|Any CPU.Build.0 = Debug|Any CPU
		{4D896D4F-AC57-4AB8-A2D5-864F97D5A314}.Release|Any CPU.ActiveCfg = Release|Any CPU
		{4D896D4F-AC57-4AB8-A2D5-864F97D5A314}.Release|Any CPU.Build.0 = Release|Any CPU
	EndGlobalSection
	GlobalSection(SolutionProperties) = preSolution
		HideSolutionNode = FALSE
	EndGlobalSection
EndGlobal
